
Microsoft Visual Studio Solution File, Format Version 12.00
# Visual Studio 15
VisualStudioVersion = 15.0.28307.705
MinimumVisualStudioVersion = 10.0.40219.1
Project("{8BC9CEB8-8B4A-11D0-8D11-00A0C91BC942}") = "Maths Rework", "Maths Rework\Maths Rework.vcxproj", "{4B60F4C2-E5BF-422C-A8A2-1DC475580E91}"
EndProject
Global
	GlobalSection(SolutionConfigurationPlatforms) = preSolution
		Debug|x64 = Debug|x64
		Debug|x86 = Debug|x86
		Release|x64 = Release|x64
		Release|x86 = Release|x86
	EndGlobalSection
	GlobalSection(ProjectConfigurationPlatforms) = postSolution
		{4B60F4C2-E5BF-422C-A8A2-1DC475580E91}.Debug|x64.ActiveCfg = Debug|x64
		{4B60F4C2-E5BF-422C-A8A2-1DC475580E91}.Debug|x64.Build.0 = Debug|x64
		{4B60F4C2-E5BF-422C-A8A2-1DC475580E91}.Debug|x86.ActiveCfg = Debug|Win32
		{4B60F4C2-E5BF-422C-A8A2-1DC475580E91}.Debug|x86.Build.0 = Debug|Win32
		{4B60F4C2-E5BF-422C-A8A2-1DC475580E91}.Release|x64.ActiveCfg = Release|x64
		{4B60F4C2-E5BF-422C-A8A2-1DC475580E91}.Release|x64.Build.0 = Release|x64
		{4B60F4C2-E5BF-422C-A8A2-1DC475580E91}.Release|x86.ActiveCfg = Release|Win32
		{4B60F4C2-E5BF-422C-A8A2-1DC475580E91}.Release|x86.Build.0 = Release|Win32
	EndGlobalSection
	GlobalSection(SolutionProperties) = preSolution
		HideSolutionNode = FALSE
	EndGlobalSection
	GlobalSection(ExtensibilityGlobals) = postSolution
		SolutionGuid = {616534AF-70F9-4380-AA33-D2BA2009A847}
	EndGlobalSection
EndGlobal
